
Microsoft Visual Studio Solution File, Format Version 12.00
# Visual Studio Version 16
VisualStudioVersion = 16.0.31424.327
MinimumVisualStudioVersion = 10.0.40219.1
Project("{8BC9CEB8-8B4A-11D0-8D11-00A0C91BC942}") = "Lab_11.1", "Lab_11.1\Lab_11.1.vcxproj", "{951BF040-D0F1-4907-BAD3-C8C5185EDC02}"
EndProject
Project("{8BC9CEB8-8B4A-11D0-8D11-00A0C91BC942}") = "UnitTest1", "UnitTest1\UnitTest1.vcxproj", "{FC1BA924-25CD-4BE8-9E64-8E6A36BC943C}"
EndProject
Global
	GlobalSection(SolutionConfigurationPlatforms) = preSolution
		Debug|x64 = Debug|x64
		Debug|x86 = Debug|x86
		Release|x64 = Release|x64
		Release|x86 = Release|x86
	EndGlobalSection
	GlobalSection(ProjectConfigurationPlatforms) = postSolution
		{951BF040-D0F1-4907-BAD3-C8C5185EDC02}.Debug|x64.ActiveCfg = Debug|x64
		{951BF040-D0F1-4907-BAD3-C8C5185EDC02}.Debug|x64.Build.0 = Debug|x64
		{951BF040-D0F1-4907-BAD3-C8C5185EDC02}.Debug|x86.ActiveCfg = Debug|Win32
		{951BF040-D0F1-4907-BAD3-C8C5185EDC02}.Debug|x86.Build.0 = Debug|Win32
		{951BF040-D0F1-4907-BAD3-C8C5185EDC02}.Release|x64.ActiveCfg = Release|x64
		{951BF040-D0F1-4907-BAD3-C8C5185EDC02}.Release|x64.Build.0 = Release|x64
		{951BF040-D0F1-4907-BAD3-C8C5185EDC02}.Release|x86.ActiveCfg = Release|Win32
		{951BF040-D0F1-4907-BAD3-C8C5185EDC02}.Release|x86.Build.0 = Release|Win32
		{FC1BA924-25CD-4BE8-9E64-8E6A36BC943C}.Debug|x64.ActiveCfg = Debug|x64
		{FC1BA924-25CD-4BE8-9E64-8E6A36BC943C}.Debug|x64.Build.0 = Debug|x64
		{FC1BA924-25CD-4BE8-9E64-8E6A36BC943C}.Debug|x86.ActiveCfg = Debug|Win32
		{FC1BA924-25CD-4BE8-9E64-8E6A36BC943C}.Debug|x86.Build.0 = Debug|Win32
		{FC1BA924-25CD-4BE8-9E64-8E6A36BC943C}.Release|x64.ActiveCfg = Release|x64
		{FC1BA924-25CD-4BE8-9E64-8E6A36BC943C}.Release|x64.Build.0 = Release|x64
		{FC1BA924-25CD-4BE8-9E64-8E6A36BC943C}.Release|x86.ActiveCfg = Release|Win32
		{FC1BA924-25CD-4BE8-9E64-8E6A36BC943C}.Release|x86.Build.0 = Release|Win32
	EndGlobalSection
	GlobalSection(SolutionProperties) = preSolution
		HideSolutionNode = FALSE
	EndGlobalSection
	GlobalSection(ExtensibilityGlobals) = postSolution
		SolutionGuid = {93E43072-18A7-49CF-B85D-D4BEDA9CD57B}
	EndGlobalSection
EndGlobal
